// !$*UTF8*$!
{
	archiveVersion = 1;
	classes = {
	};
	objectVersion = 56;
	objects = {

/* Begin PBXBuildFile section */
		7698401C2AFB4B040010872E /* AppDelegate.swift in Sources */ = {isa = PBXBuildFile; fileRef = 7698401B2AFB4B040010872E /* AppDelegate.swift */; };
		7698401E2AFB4B040010872E /* SceneDelegate.swift in Sources */ = {isa = PBXBuildFile; fileRef = 7698401D2AFB4B040010872E /* SceneDelegate.swift */; };
		769840202AFB4B040010872E /* SignUpVC.swift in Sources */ = {isa = PBXBuildFile; fileRef = 7698401F2AFB4B040010872E /* SignUpVC.swift */; };
		769840232AFB4B040010872E /* Main.storyboard in Resources */ = {isa = PBXBuildFile; fileRef = 769840212AFB4B040010872E /* Main.storyboard */; };
		769840282AFB4B060010872E /* LaunchScreen.storyboard in Resources */ = {isa = PBXBuildFile; fileRef = 769840262AFB4B060010872E /* LaunchScreen.storyboard */; };
		769840332AFB7D960010872E /* PlacesVC.swift in Sources */ = {isa = PBXBuildFile; fileRef = 769840322AFB7D960010872E /* PlacesVC.swift */; };
		769840352AFB906D0010872E /* Assets.xcassets in Resources */ = {isa = PBXBuildFile; fileRef = 769840342AFB906D0010872E /* Assets.xcassets */; };
		769840372AFB90E00010872E /* AddPlaceVC.swift in Sources */ = {isa = PBXBuildFile; fileRef = 769840362AFB90E00010872E /* AddPlaceVC.swift */; };
		769840392AFB92660010872E /* MapVC.swift in Sources */ = {isa = PBXBuildFile; fileRef = 769840382AFB92660010872E /* MapVC.swift */; };
		769840402AFB9A700010872E /* DetailVC.swift in Sources */ = {isa = PBXBuildFile; fileRef = 7698403F2AFB9A700010872E /* DetailVC.swift */; };
		769840422AFBBFAA0010872E /* PlaceModel.swift in Sources */ = {isa = PBXBuildFile; fileRef = 769840412AFBBFAA0010872E /* PlaceModel.swift */; };
		76C8214D2D033FFD006331B1 /* ParseLiveQuery in Frameworks */ = {isa = PBXBuildFile; productRef = 76C8214C2D033FFD006331B1 /* ParseLiveQuery */; };
		76C8214F2D033FFD006331B1 /* ParseObjC in Frameworks */ = {isa = PBXBuildFile; productRef = 76C8214E2D033FFD006331B1 /* ParseObjC */; };
/* End PBXBuildFile section */

/* Begin PBXFileReference section */
		769840182AFB4B040010872E /* FourSqareClone.app */ = {isa = PBXFileReference; explicitFileType = wrapper.application; includeInIndex = 0; path = FourSqareClone.app; sourceTree = BUILT_PRODUCTS_DIR; };
		7698401B2AFB4B040010872E /* AppDelegate.swift */ = {isa = PBXFileReference; lastKnownFileType = sourcecode.swift; path = AppDelegate.swift; sourceTree = "<group>"; };
		7698401D2AFB4B040010872E /* SceneDelegate.swift */ = {isa = PBXFileReference; lastKnownFileType = sourcecode.swift; path = SceneDelegate.swift; sourceTree = "<group>"; };
		7698401F2AFB4B040010872E /* SignUpVC.swift */ = {isa = PBXFileReference; lastKnownFileType = sourcecode.swift; path = SignUpVC.swift; sourceTree = "<group>"; };
		769840222AFB4B040010872E /* Base */ = {isa = PBXFileReference; lastKnownFileType = file.storyboard; name = Base; path = Base.lproj/Main.storyboard; sourceTree = "<group>"; };
		769840272AFB4B060010872E /* Base */ = {isa = PBXFileReference; lastKnownFileType = file.storyboard; name = Base; path = Base.lproj/LaunchScreen.storyboard; sourceTree = "<group>"; };
		769840292AFB4B060010872E /* Info.plist */ = {isa = PBXFileReference; lastKnownFileType = text.plist.xml; path = Info.plist; sourceTree = "<group>"; };
		769840322AFB7D960010872E /* PlacesVC.swift */ = {isa = PBXFileReference; lastKnownFileType = sourcecode.swift; path = PlacesVC.swift; sourceTree = "<group>"; };
		769840342AFB906D0010872E /* Assets.xcassets */ = {isa = PBXFileReference; lastKnownFileType = folder.assetcatalog; path = Assets.xcassets; sourceTree = "<group>"; };
		769840362AFB90E00010872E /* AddPlaceVC.swift */ = {isa = PBXFileReference; lastKnownFileType = sourcecode.swift; path = AddPlaceVC.swift; sourceTree = "<group>"; };
		769840382AFB92660010872E /* MapVC.swift */ = {isa = PBXFileReference; lastKnownFileType = sourcecode.swift; path = MapVC.swift; sourceTree = "<group>"; };
		7698403F2AFB9A700010872E /* DetailVC.swift */ = {isa = PBXFileReference; lastKnownFileType = sourcecode.swift; path = DetailVC.swift; sourceTree = "<group>"; };
		769840412AFBBFAA0010872E /* PlaceModel.swift */ = {isa = PBXFileReference; lastKnownFileType = sourcecode.swift; path = PlaceModel.swift; sourceTree = "<group>"; };
/* End PBXFileReference section */

/* Begin PBXFrameworksBuildPhase section */
		769840152AFB4B040010872E /* Frameworks */ = {
			isa = PBXFrameworksBuildPhase;
			buildActionMask = 2147483647;
			files = (
				76C8214F2D033FFD006331B1 /* ParseObjC in Frameworks */,
				76C8214D2D033FFD006331B1 /* ParseLiveQuery in Frameworks */,
			);
			runOnlyForDeploymentPostprocessing = 0;
		};
/* End PBXFrameworksBuildPhase section */

/* Begin PBXGroup section */
		7698400F2AFB4B040010872E = {
			isa = PBXGroup;
			children = (
				7698401A2AFB4B040010872E /* FourSqareClone */,
				769840192AFB4B040010872E /* Products */,
			);
			sourceTree = "<group>";
		};
		769840192AFB4B040010872E /* Products */ = {
			isa = PBXGroup;
			children = (
				769840182AFB4B040010872E /* FourSqareClone.app */,
			);
			name = Products;
			sourceTree = "<group>";
		};
		7698401A2AFB4B040010872E /* FourSqareClone */ = {
			isa = PBXGroup;
			children = (
				7698401B2AFB4B040010872E /* AppDelegate.swift */,
				7698401D2AFB4B040010872E /* SceneDelegate.swift */,
				7698401F2AFB4B040010872E /* SignUpVC.swift */,
				769840322AFB7D960010872E /* PlacesVC.swift */,
				769840362AFB90E00010872E /* AddPlaceVC.swift */,
				769840382AFB92660010872E /* MapVC.swift */,
				7698403F2AFB9A700010872E /* DetailVC.swift */,
				769840412AFBBFAA0010872E /* PlaceModel.swift */,
				769840212AFB4B040010872E /* Main.storyboard */,
				769840342AFB906D0010872E /* Assets.xcassets */,
				769840262AFB4B060010872E /* LaunchScreen.storyboard */,
				769840292AFB4B060010872E /* Info.plist */,
			);
			path = FourSqareClone;
			sourceTree = "<group>";
		};
/* End PBXGroup section */

/* Begin PBXNativeTarget section */
		769840172AFB4B040010872E /* FourSqareClone */ = {
			isa = PBXNativeTarget;
			buildConfigurationList = 7698402C2AFB4B060010872E /* Build configuration list for PBXNativeTarget "FourSqareClone" */;
			buildPhases = (
				769840142AFB4B040010872E /* Sources */,
				769840152AFB4B040010872E /* Frameworks */,
				769840162AFB4B040010872E /* Resources */,
			);
			buildRules = (
			);
			dependencies = (
			);
			name = FourSqareClone;
			packageProductDependencies = (
				76C8214C2D033FFD006331B1 /* ParseLiveQuery */,
				76C8214E2D033FFD006331B1 /* ParseObjC */,
			);
			productName = FourSqareClone;
			productReference = 769840182AFB4B040010872E /* FourSqareClone.app */;
			productType = "com.apple.product-type.application";
		};
/* End PBXNativeTarget section */

/* Begin PBXProject section */
		769840102AFB4B040010872E /* Project object */ = {
			isa = PBXProject;
			attributes = {
				BuildIndependentTargetsInParallel = 1;
				LastSwiftUpdateCheck = 1500;
				LastUpgradeCheck = 1500;
				TargetAttributes = {
					769840172AFB4B040010872E = {
						CreatedOnToolsVersion = 15.0.1;
					};
				};
			};
			buildConfigurationList = 769840132AFB4B040010872E /* Build configuration list for PBXProject "FourSqareClone" */;
			compatibilityVersion = "Xcode 14.0";
			developmentRegion = en;
			hasScannedForEncodings = 0;
			knownRegions = (
				en,
				Base,
			);
			mainGroup = 7698400F2AFB4B040010872E;
			packageReferences = (
				76C8214B2D033FFD006331B1 /* XCRemoteSwiftPackageReference "Parse-SDK-iOS-OSX" */,
			);
			productRefGroup = 769840192AFB4B040010872E /* Products */;
			projectDirPath = "";
			projectRoot = "";
			targets = (
				769840172AFB4B040010872E /* FourSqareClone */,
			);
		};
/* End PBXProject section */

/* Begin PBXResourcesBuildPhase section */
		769840162AFB4B040010872E /* Resources */ = {
			isa = PBXResourcesBuildPhase;
			buildActionMask = 2147483647;
			files = (
				769840282AFB4B060010872E /* LaunchScreen.storyboard in Resources */,
				769840352AFB906D0010872E /* Assets.xcassets in Resources */,
				769840232AFB4B040010872E /* Main.storyboard in Resources */,
			);
			runOnlyForDeploymentPostprocessing = 0;
		};
/* End PBXResourcesBuildPhase section */

/* Begin PBXSourcesBuildPhase section */
		769840142AFB4B040010872E /* Sources */ = {
			isa = PBXSourcesBuildPhase;
			buildActionMask = 2147483647;
			files = (
				769840202AFB4B040010872E /* SignUpVC.swift in Sources */,
				769840422AFBBFAA0010872E /* PlaceModel.swift in Sources */,
				769840392AFB92660010872E /* MapVC.swift in Sources */,
				7698401C2AFB4B040010872E /* AppDelegate.swift in Sources */,
				769840332AFB7D960010872E /* PlacesVC.swift in Sources */,
				769840372AFB90E00010872E /* AddPlaceVC.swift in Sources */,
				7698401E2AFB4B040010872E /* SceneDelegate.swift in Sources */,
				769840402AFB9A700010872E /* DetailVC.swift in Sources */,
			);
			runOnlyForDeploymentPostprocessing = 0;
		};
/* End PBXSourcesBuildPhase section */

/* Begin PBXVariantGroup section */
		769840212AFB4B040010872E /* Main.storyboard */ = {
			isa = PBXVariantGroup;
			children = (
				769840222AFB4B040010872E /* Base */,
			);
			name = Main.storyboard;
			sourceTree = "<group>";
		};
		769840262AFB4B060010872E /* LaunchScreen.storyboard */ = {
			isa = PBXVariantGroup;
			children = (
				769840272AFB4B060010872E /* Base */,
			);
			name = LaunchScreen.storyboard;
			sourceTree = "<group>";
		};
/* End PBXVariantGroup section */

/* Begin XCBuildConfiguration section */
		7698402A2AFB4B060010872E /* Debug */ = {
			isa = XCBuildConfiguration;
			buildSettings = {
				ALWAYS_SEARCH_USER_PATHS = NO;
				ASSETCATALOG_COMPILER_GENERATE_SWIFT_ASSET_SYMBOL_EXTENSIONS = YES;
				CLANG_ANALYZER_NONNULL = YES;
				CLANG_ANALYZER_NUMBER_OBJECT_CONVERSION = YES_AGGRESSIVE;
				CLANG_CXX_LANGUAGE_STANDARD = "gnu++20";
				CLANG_ENABLE_MODULES = YES;
				CLANG_ENABLE_OBJC_ARC = YES;
				CLANG_ENABLE_OBJC_WEAK = YES;
				CLANG_WARN_BLOCK_CAPTURE_AUTORELEASING = YES;
				CLANG_WARN_BOOL_CONVERSION = YES;
				CLANG_WARN_COMMA = YES;
				CLANG_WARN_CONSTANT_CONVERSION = YES;
				CLANG_WARN_DEPRECATED_OBJC_IMPLEMENTATIONS = YES;
				CLANG_WARN_DIRECT_OBJC_ISA_USAGE = YES_ERROR;
				CLANG_WARN_DOCUMENTATION_COMMENTS = YES;
				CLANG_WARN_EMPTY_BODY = YES;
				CLANG_WARN_ENUM_CONVERSION = YES;
				CLANG_WARN_INFINITE_RECURSION = YES;
				CLANG_WARN_INT_CONVERSION = YES;
				CLANG_WARN_NON_LITERAL_NULL_CONVERSION = YES;
				CLANG_WARN_OBJC_IMPLICIT_RETAIN_SELF = YES;
				CLANG_WARN_OBJC_LITERAL_CONVERSION = YES;
				CLANG_WARN_OBJC_ROOT_CLASS = YES_ERROR;
				CLANG_WARN_QUOTED_INCLUDE_IN_FRAMEWORK_HEADER = YES;
				CLANG_WARN_RANGE_LOOP_ANALYSIS = YES;
				CLANG_WARN_STRICT_PROTOTYPES = YES;
				CLANG_WARN_SUSPICIOUS_MOVE = YES;
				CLANG_WARN_UNGUARDED_AVAILABILITY = YES_AGGRESSIVE;
				CLANG_WARN_UNREACHABLE_CODE = YES;
				CLANG_WARN__DUPLICATE_METHOD_MATCH = YES;
				COPY_PHASE_STRIP = NO;
				DEBUG_INFORMATION_FORMAT = dwarf;
				ENABLE_STRICT_OBJC_MSGSEND = YES;
				ENABLE_TESTABILITY = YES;
				ENABLE_USER_SCRIPT_SANDBOXING = YES;
				GCC_C_LANGUAGE_STANDARD = gnu17;
				GCC_DYNAMIC_NO_PIC = NO;
				GCC_NO_COMMON_BLOCKS = YES;
				GCC_OPTIMIZATION_LEVEL = 0;
				GCC_PREPROCESSOR_DEFINITIONS = (
					"DEBUG=1",
					"$(inherited)",
				);
				GCC_WARN_64_TO_32_BIT_CONVERSION = YES;
				GCC_WARN_ABOUT_RETURN_TYPE = YES_ERROR;
				GCC_WARN_UNDECLARED_SELECTOR = YES;
				GCC_WARN_UNINITIALIZED_AUTOS = YES_AGGRESSIVE;
				GCC_WARN_UNUSED_FUNCTION = YES;
				GCC_WARN_UNUSED_VARIABLE = YES;
				IPHONEOS_DEPLOYMENT_TARGET = 17.0;
				LOCALIZATION_PREFERS_STRING_CATALOGS = YES;
				MTL_ENABLE_DEBUG_INFO = INCLUDE_SOURCE;
				MTL_FAST_MATH = YES;
				ONLY_ACTIVE_ARCH = YES;
				SDKROOT = iphoneos;
				SWIFT_ACTIVE_COMPILATION_CONDITIONS = "DEBUG $(inherited)";
				SWIFT_OPTIMIZATION_LEVEL = "-Onone";
			};
			name = Debug;
		};
		7698402B2AFB4B060010872E /* Release */ = {
			isa = XCBuildConfiguration;
			buildSettings = {
				ALWAYS_SEARCH_USER_PATHS = NO;
				ASSETCATALOG_COMPILER_GENERATE_SWIFT_ASSET_SYMBOL_EXTENSIONS = YES;
				CLANG_ANALYZER_NONNULL = YES;
				CLANG_ANALYZER_NUMBER_OBJECT_CONVERSION = YES_AGGRESSIVE;
				CLANG_CXX_LANGUAGE_STANDARD = "gnu++20";
				CLANG_ENABLE_MODULES = YES;
				CLANG_ENABLE_OBJC_ARC = YES;
				CLANG_ENABLE_OBJC_WEAK = YES;
				CLANG_WARN_BLOCK_CAPTURE_AUTORELEASING = YES;
				CLANG_WARN_BOOL_CONVERSION = YES;
				CLANG_WARN_COMMA = YES;
				CLANG_WARN_CONSTANT_CONVERSION = YES;
				CLANG_WARN_DEPRECATED_OBJC_IMPLEMENTATIONS = YES;
				CLANG_WARN_DIRECT_OBJC_ISA_USAGE = YES_ERROR;
				CLANG_WARN_DOCUMENTATION_COMMENTS = YES;
				CLANG_WARN_EMPTY_BODY = YES;
				CLANG_WARN_ENUM_CONVERSION = YES;
				CLANG_WARN_INFINITE_RECURSION = YES;
				CLANG_WARN_INT_CONVERSION = YES;
				CLANG_WARN_NON_LITERAL_NULL_CONVERSION = YES;
				CLANG_WARN_OBJC_IMPLICIT_RETAIN_SELF = YES;
				CLANG_WARN_OBJC_LITERAL_CONVERSION = YES;
				CLANG_WARN_OBJC_ROOT_CLASS = YES_ERROR;
				CLANG_WARN_QUOTED_INCLUDE_IN_FRAMEWORK_HEADER = YES;
				CLANG_WARN_RANGE_LOOP_ANALYSIS = YES;
				CLANG_WARN_STRICT_PROTOTYPES = YES;
				CLANG_WARN_SUSPICIOUS_MOVE = YES;
				CLANG_WARN_UNGUARDED_AVAILABILITY = YES_AGGRESSIVE;
				CLANG_WARN_UNREACHABLE_CODE = YES;
				CLANG_WARN__DUPLICATE_METHOD_MATCH = YES;
				COPY_PHASE_STRIP = NO;
				DEBUG_INFORMATION_FORMAT = "dwarf-with-dsym";
				ENABLE_NS_ASSERTIONS = NO;
				ENABLE_STRICT_OBJC_MSGSEND = YES;
				ENABLE_USER_SCRIPT_SANDBOXING = YES;
				GCC_C_LANGUAGE_STANDARD = gnu17;
				GCC_NO_COMMON_BLOCKS = YES;
				GCC_WARN_64_TO_32_BIT_CONVERSION = YES;
				GCC_WARN_ABOUT_RETURN_TYPE = YES_ERROR;
				GCC_WARN_UNDECLARED_SELECTOR = YES;
				GCC_WARN_UNINITIALIZED_AUTOS = YES_AGGRESSIVE;
				GCC_WARN_UNUSED_FUNCTION = YES;
				GCC_WARN_UNUSED_VARIABLE = YES;
				IPHONEOS_DEPLOYMENT_TARGET = 17.0;
				LOCALIZATION_PREFERS_STRING_CATALOGS = YES;
				MTL_ENABLE_DEBUG_INFO = NO;
				MTL_FAST_MATH = YES;
				SDKROOT = iphoneos;
				SWIFT_COMPILATION_MODE = wholemodule;
				VALIDATE_PRODUCT = YES;
			};
			name = Release;
		};
		7698402D2AFB4B060010872E /* Debug */ = {
			isa = XCBuildConfiguration;
			buildSettings = {
				ASSETCATALOG_COMPILER_APPICON_NAME = AppIcon;
				ASSETCATALOG_COMPILER_GLOBAL_ACCENT_COLOR_NAME = AccentColor;
				CODE_SIGN_STYLE = Automatic;
				CURRENT_PROJECT_VERSION = 1;
				DEVELOPMENT_TEAM = 9YC7UP4F29;
				GENERATE_INFOPLIST_FILE = YES;
				INFOPLIST_FILE = FourSqareClone/Info.plist;
				INFOPLIST_KEY_NSLocationWhenInUseUsageDescription = "To see your location";
				INFOPLIST_KEY_NSPhotoLibraryUsageDescription = "To use your photo";
				INFOPLIST_KEY_UIApplicationSupportsIndirectInputEvents = YES;
				INFOPLIST_KEY_UILaunchStoryboardName = LaunchScreen;
				INFOPLIST_KEY_UIMainStoryboardFile = Main;
				INFOPLIST_KEY_UISupportedInterfaceOrientations_iPad = "UIInterfaceOrientationPortrait UIInterfaceOrientationPortraitUpsideDown UIInterfaceOrientationLandscapeLeft UIInterfaceOrientationLandscapeRight";
				INFOPLIST_KEY_UISupportedInterfaceOrientations_iPhone = "UIInterfaceOrientationPortrait UIInterfaceOrientationLandscapeLeft UIInterfaceOrientationLandscapeRight";
				LD_RUNPATH_SEARCH_PATHS = (
					"$(inherited)",
					"@executable_path/Frameworks",
				);
				MARKETING_VERSION = 1.0;
				PRODUCT_BUNDLE_IDENTIFIER = com.UsefulApps.FourSqareClone;
				PRODUCT_NAME = "$(TARGET_NAME)";
				SWIFT_EMIT_LOC_STRINGS = YES;
				SWIFT_VERSION = 5.0;
				TARGETED_DEVICE_FAMILY = "1,2";
			};
			name = Debug;
		};
		7698402E2AFB4B060010872E /* Release */ = {
			isa = XCBuildConfiguration;
			buildSettings = {
				ASSETCATALOG_COMPILER_APPICON_NAME = AppIcon;
				ASSETCATALOG_COMPILER_GLOBAL_ACCENT_COLOR_NAME = AccentColor;
				CODE_SIGN_STYLE = Automatic;
				CURRENT_PROJECT_VERSION = 1;
				DEVELOPMENT_TEAM = 9YC7UP4F29;
				GENERATE_INFOPLIST_FILE = YES;
				INFOPLIST_FILE = FourSqareClone/Info.plist;
				INFOPLIST_KEY_NSLocationWhenInUseUsageDescription = "To see your location";
				INFOPLIST_KEY_NSPhotoLibraryUsageDescription = "To use your photo";
				INFOPLIST_KEY_UIApplicationSupportsIndirectInputEvents = YES;
				INFOPLIST_KEY_UILaunchStoryboardName = LaunchScreen;
				INFOPLIST_KEY_UIMainStoryboardFile = Main;
				INFOPLIST_KEY_UISupportedInterfaceOrientations_iPad = "UIInterfaceOrientationPortrait UIInterfaceOrientationPortraitUpsideDown UIInterfaceOrientationLandscapeLeft UIInterfaceOrientationLandscapeRight";
				INFOPLIST_KEY_UISupportedInterfaceOrientations_iPhone = "UIInterfaceOrientationPortrait UIInterfaceOrientationLandscapeLeft UIInterfaceOrientationLandscapeRight";
				LD_RUNPATH_SEARCH_PATHS = (
					"$(inherited)",
					"@executable_path/Frameworks",
				);
				MARKETING_VERSION = 1.0;
				PRODUCT_BUNDLE_IDENTIFIER = com.UsefulApps.FourSqareClone;
				PRODUCT_NAME = "$(TARGET_NAME)";
				SWIFT_EMIT_LOC_STRINGS = YES;
				SWIFT_VERSION = 5.0;
				TARGETED_DEVICE_FAMILY = "1,2";
			};
			name = Release;
		};
/* End XCBuildConfiguration section */

/* Begin XCConfigurationList section */
		769840132AFB4B040010872E /* Build configuration list for PBXProject "FourSqareClone" */ = {
			isa = XCConfigurationList;
			buildConfigurations = (
				7698402A2AFB4B060010872E /* Debug */,
				7698402B2AFB4B060010872E /* Release */,
			);
			defaultConfigurationIsVisible = 0;
			defaultConfigurationName = Release;
		};
		7698402C2AFB4B060010872E /* Build configuration list for PBXNativeTarget "FourSqareClone" */ = {
			isa = XCConfigurationList;
			buildConfigurations = (
				7698402D2AFB4B060010872E /* Debug */,
				7698402E2AFB4B060010872E /* Release */,
			);
			defaultConfigurationIsVisible = 0;
			defaultConfigurationName = Release;
		};
/* End XCConfigurationList section */

/* Begin XCRemoteSwiftPackageReference section */
		76C8214B2D033FFD006331B1 /* XCRemoteSwiftPackageReference "Parse-SDK-iOS-OSX" */ = {
			isa = XCRemoteSwiftPackageReference;
			repositoryURL = "https://github.com/parse-community/Parse-SDK-iOS-OSX";
			requirement = {
				kind = upToNextMajorVersion;
				minimumVersion = 4.2.0;
			};
		};
/* End XCRemoteSwiftPackageReference section */

/* Begin XCSwiftPackageProductDependency section */
		76C8214C2D033FFD006331B1 /* ParseLiveQuery */ = {
			isa = XCSwiftPackageProductDependency;
			package = 76C8214B2D033FFD006331B1 /* XCRemoteSwiftPackageReference "Parse-SDK-iOS-OSX" */;
			productName = ParseLiveQuery;
		};
		76C8214E2D033FFD006331B1 /* ParseObjC */ = {
			isa = XCSwiftPackageProductDependency;
			package = 76C8214B2D033FFD006331B1 /* XCRemoteSwiftPackageReference "Parse-SDK-iOS-OSX" */;
			productName = ParseObjC;
		};
/* End XCSwiftPackageProductDependency section */
	};
	rootObject = 769840102AFB4B040010872E /* Project object */;
}
